// !$*UTF8*$!
{
	archiveVersion = 1;
	classes = {
	};
	objectVersion = 56;
	objects = {

/* Begin PBXBuildFile section */
		9F190007296665FA00E23362 /* AsyncTestUITests.swift in Sources */ = {isa = PBXBuildFile; fileRef = 9F190006296665FA00E23362 /* AsyncTestUITests.swift */; };
		9F190009296665FA00E23362 /* AsyncTestUITestsLaunchTests.swift in Sources */ = {isa = PBXBuildFile; fileRef = 9F190008296665FA00E23362 /* AsyncTestUITestsLaunchTests.swift */; };
		9F19FFE6296665F900E23362 /* AppDelegate.swift in Sources */ = {isa = PBXBuildFile; fileRef = 9F19FFE5296665F900E23362 /* AppDelegate.swift */; };
		9F19FFE8296665F900E23362 /* SceneDelegate.swift in Sources */ = {isa = PBXBuildFile; fileRef = 9F19FFE7296665F900E23362 /* SceneDelegate.swift */; };
		9F19FFEA296665F900E23362 /* ViewController.swift in Sources */ = {isa = PBXBuildFile; fileRef = 9F19FFE9296665F900E23362 /* ViewController.swift */; };
		9F19FFED296665F900E23362 /* Main.storyboard in Resources */ = {isa = PBXBuildFile; fileRef = 9F19FFEB296665F900E23362 /* Main.storyboard */; };
		9F19FFEF296665FA00E23362 /* Assets.xcassets in Resources */ = {isa = PBXBuildFile; fileRef = 9F19FFEE296665FA00E23362 /* Assets.xcassets */; };
		9F19FFF2296665FA00E23362 /* LaunchScreen.storyboard in Resources */ = {isa = PBXBuildFile; fileRef = 9F19FFF0296665FA00E23362 /* LaunchScreen.storyboard */; };
		9F19FFFD296665FA00E23362 /* AsyncTestTests.swift in Sources */ = {isa = PBXBuildFile; fileRef = 9F19FFFC296665FA00E23362 /* AsyncTestTests.swift */; };
/* End PBXBuildFile section */

/* Begin PBXContainerItemProxy section */
		9F190003296665FA00E23362 /* PBXContainerItemProxy */ = {
			isa = PBXContainerItemProxy;
			containerPortal = 9F19FFDA296665F900E23362 /* Project object */;
			proxyType = 1;
			remoteGlobalIDString = 9F19FFE1296665F900E23362;
			remoteInfo = AsyncTest;
		};
		9F19FFF9296665FA00E23362 /* PBXContainerItemProxy */ = {
			isa = PBXContainerItemProxy;
			containerPortal = 9F19FFDA296665F900E23362 /* Project object */;
			proxyType = 1;
			remoteGlobalIDString = 9F19FFE1296665F900E23362;
			remoteInfo = AsyncTest;
		};
/* End PBXContainerItemProxy section */

/* Begin PBXFileReference section */
		9F190002296665FA00E23362 /* AsyncTestUITests.xctest */ = {isa = PBXFileReference; explicitFileType = wrapper.cfbundle; includeInIndex = 0; path = AsyncTestUITests.xctest; sourceTree = BUILT_PRODUCTS_DIR; };
		9F190006296665FA00E23362 /* AsyncTestUITests.swift */ = {isa = PBXFileReference; lastKnownFileType = sourcecode.swift; path = AsyncTestUITests.swift; sourceTree = "<group>"; };
		9F190008296665FA00E23362 /* AsyncTestUITestsLaunchTests.swift */ = {isa = PBXFileReference; lastKnownFileType = sourcecode.swift; path = AsyncTestUITestsLaunchTests.swift; sourceTree = "<group>"; };
		9F19FFE2296665F900E23362 /* AsyncTest.app */ = {isa = PBXFileReference; explicitFileType = wrapper.application; includeInIndex = 0; path = AsyncTest.app; sourceTree = BUILT_PRODUCTS_DIR; };
		9F19FFE5296665F900E23362 /* AppDelegate.swift */ = {isa = PBXFileReference; lastKnownFileType = sourcecode.swift; path = AppDelegate.swift; sourceTree = "<group>"; };
		9F19FFE7296665F900E23362 /* SceneDelegate.swift */ = {isa = PBXFileReference; lastKnownFileType = sourcecode.swift; path = SceneDelegate.swift; sourceTree = "<group>"; };
		9F19FFE9296665F900E23362 /* ViewController.swift */ = {isa = PBXFileReference; lastKnownFileType = sourcecode.swift; path = ViewController.swift; sourceTree = "<group>"; };
		9F19FFEC296665F900E23362 /* Base */ = {isa = PBXFileReference; lastKnownFileType = file.storyboard; name = Base; path = Base.lproj/Main.storyboard; sourceTree = "<group>"; };
		9F19FFEE296665FA00E23362 /* Assets.xcassets */ = {isa = PBXFileReference; lastKnownFileType = folder.assetcatalog; path = Assets.xcassets; sourceTree = "<group>"; };
		9F19FFF1296665FA00E23362 /* Base */ = {isa = PBXFileReference; lastKnownFileType = file.storyboard; name = Base; path = Base.lproj/LaunchScreen.storyboard; sourceTree = "<group>"; };
		9F19FFF3296665FA00E23362 /* Info.plist */ = {isa = PBXFileReference; lastKnownFileType = text.plist.xml; path = Info.plist; sourceTree = "<group>"; };
		9F19FFF8296665FA00E23362 /* AsyncTestTests.xctest */ = {isa = PBXFileReference; explicitFileType = wrapper.cfbundle; includeInIndex = 0; path = AsyncTestTests.xctest; sourceTree = BUILT_PRODUCTS_DIR; };
		9F19FFFC296665FA00E23362 /* AsyncTestTests.swift */ = {isa = PBXFileReference; lastKnownFileType = sourcecode.swift; path = AsyncTestTests.swift; sourceTree = "<group>"; };
/* End PBXFileReference section */

/* Begin PBXFrameworksBuildPhase section */
		9F19FFDF296665F900E23362 /* Frameworks */ = {
			isa = PBXFrameworksBuildPhase;
			buildActionMask = 2147483647;
			files = (
			);
			runOnlyForDeploymentPostprocessing = 0;
		};
		9F19FFF5296665FA00E23362 /* Frameworks */ = {
			isa = PBXFrameworksBuildPhase;
			buildActionMask = 2147483647;
			files = (
			);
			runOnlyForDeploymentPostprocessing = 0;
		};
		9F19FFFF296665FA00E23362 /* Frameworks */ = {
			isa = PBXFrameworksBuildPhase;
			buildActionMask = 2147483647;
			files = (
			);
			runOnlyForDeploymentPostprocessing = 0;
		};
/* End PBXFrameworksBuildPhase section */

/* Begin PBXGroup section */
		9F190005296665FA00E23362 /* AsyncTestUITests */ = {
			isa = PBXGroup;
			children = (
				9F190006296665FA00E23362 /* AsyncTestUITests.swift */,
				9F190008296665FA00E23362 /* AsyncTestUITestsLaunchTests.swift */,
			);
			path = AsyncTestUITests;
			sourceTree = "<group>";
		};
		9F19FFD9296665F900E23362 = {
			isa = PBXGroup;
			children = (
				9F19FFE4296665F900E23362 /* AsyncTest */,
				9F19FFFB296665FA00E23362 /* AsyncTestTests */,
				9F190005296665FA00E23362 /* AsyncTestUITests */,
				9F19FFE3296665F900E23362 /* Products */,
			);
			sourceTree = "<group>";
		};
		9F19FFE3296665F900E23362 /* Products */ = {
			isa = PBXGroup;
			children = (
				9F19FFE2296665F900E23362 /* AsyncTest.app */,
				9F19FFF8296665FA00E23362 /* AsyncTestTests.xctest */,
				9F190002296665FA00E23362 /* AsyncTestUITests.xctest */,
			);
			name = Products;
			sourceTree = "<group>";
		};
		9F19FFE4296665F900E23362 /* AsyncTest */ = {
			isa = PBXGroup;
			children = (
				9F19FFE5296665F900E23362 /* AppDelegate.swift */,
				9F19FFE7296665F900E23362 /* SceneDelegate.swift */,
				9F19FFE9296665F900E23362 /* ViewController.swift */,
				9F19FFEB296665F900E23362 /* Main.storyboard */,
				9F19FFEE296665FA00E23362 /* Assets.xcassets */,
				9F19FFF0296665FA00E23362 /* LaunchScreen.storyboard */,
				9F19FFF3296665FA00E23362 /* Info.plist */,
			);
			path = AsyncTest;
			sourceTree = "<group>";
		};
		9F19FFFB296665FA00E23362 /* AsyncTestTests */ = {
			isa = PBXGroup;
			children = (
				9F19FFFC296665FA00E23362 /* AsyncTestTests.swift */,
			);
			path = AsyncTestTests;
			sourceTree = "<group>";
		};
/* End PBXGroup section */

/* Begin PBXNativeTarget section */
		9F190001296665FA00E23362 /* AsyncTestUITests */ = {
			isa = PBXNativeTarget;
			buildConfigurationList = 9F190012296665FA00E23362 /* Build configuration list for PBXNativeTarget "AsyncTestUITests" */;
			buildPhases = (
				9F19FFFE296665FA00E23362 /* Sources */,
				9F19FFFF296665FA00E23362 /* Frameworks */,
				9F190000296665FA00E23362 /* Resources */,
			);
			buildRules = (
			);
			dependencies = (
				9F190004296665FA00E23362 /* PBXTargetDependency */,
			);
			name = AsyncTestUITests;
			productName = AsyncTestUITests;
			productReference = 9F190002296665FA00E23362 /* AsyncTestUITests.xctest */;
			productType = "com.apple.product-type.bundle.ui-testing";
		};
		9F19FFE1296665F900E23362 /* AsyncTest */ = {
			isa = PBXNativeTarget;
			buildConfigurationList = 9F19000C296665FA00E23362 /* Build configuration list for PBXNativeTarget "AsyncTest" */;
			buildPhases = (
				9F19FFDE296665F900E23362 /* Sources */,
				9F19FFDF296665F900E23362 /* Frameworks */,
				9F19FFE0296665F900E23362 /* Resources */,
			);
			buildRules = (
			);
			dependencies = (
			);
			name = AsyncTest;
			productName = AsyncTest;
			productReference = 9F19FFE2296665F900E23362 /* AsyncTest.app */;
			productType = "com.apple.product-type.application";
		};
		9F19FFF7296665FA00E23362 /* AsyncTestTests */ = {
			isa = PBXNativeTarget;
			buildConfigurationList = 9F19000F296665FA00E23362 /* Build configuration list for PBXNativeTarget "AsyncTestTests" */;
			buildPhases = (
				9F19FFF4296665FA00E23362 /* Sources */,
				9F19FFF5296665FA00E23362 /* Frameworks */,
				9F19FFF6296665FA00E23362 /* Resources */,
			);
			buildRules = (
			);
			dependencies = (
				9F19FFFA296665FA00E23362 /* PBXTargetDependency */,
			);
			name = AsyncTestTests;
			productName = AsyncTestTests;
			productReference = 9F19FFF8296665FA00E23362 /* AsyncTestTests.xctest */;
			productType = "com.apple.product-type.bundle.unit-test";
		};
/* End PBXNativeTarget section */

/* Begin PBXProject section */
		9F19FFDA296665F900E23362 /* Project object */ = {
			isa = PBXProject;
			attributes = {
				BuildIndependentTargetsInParallel = 1;
				LastSwiftUpdateCheck = 1420;
				LastUpgradeCheck = 1420;
				TargetAttributes = {
					9F190001296665FA00E23362 = {
						CreatedOnToolsVersion = 14.2;
						TestTargetID = 9F19FFE1296665F900E23362;
					};
					9F19FFE1296665F900E23362 = {
						CreatedOnToolsVersion = 14.2;
					};
					9F19FFF7296665FA00E23362 = {
						CreatedOnToolsVersion = 14.2;
						TestTargetID = 9F19FFE1296665F900E23362;
					};
				};
			};
			buildConfigurationList = 9F19FFDD296665F900E23362 /* Build configuration list for PBXProject "AsyncTest" */;
			compatibilityVersion = "Xcode 14.0";
			developmentRegion = en;
			hasScannedForEncodings = 0;
			knownRegions = (
				en,
				Base,
			);
			mainGroup = 9F19FFD9296665F900E23362;
			productRefGroup = 9F19FFE3296665F900E23362 /* Products */;
			projectDirPath = "";
			projectRoot = "";
			targets = (
				9F19FFE1296665F900E23362 /* AsyncTest */,
				9F19FFF7296665FA00E23362 /* AsyncTestTests */,
				9F190001296665FA00E23362 /* AsyncTestUITests */,
			);
		};
/* End PBXProject section */

/* Begin PBXResourcesBuildPhase section */
		9F190000296665FA00E23362 /* Resources */ = {
			isa = PBXResourcesBuildPhase;
			buildActionMask = 2147483647;
			files = (
			);
			runOnlyForDeploymentPostprocessing = 0;
		};
		9F19FFE0296665F900E23362 /* Resources */ = {
			isa = PBXResourcesBuildPhase;
			buildActionMask = 2147483647;
			files = (
				9F19FFF2296665FA00E23362 /* LaunchScreen.storyboard in Resources */,
				9F19FFEF296665FA00E23362 /* Assets.xcassets in Resources */,
				9F19FFED296665F900E23362 /* Main.storyboard in Resources */,
			);
			runOnlyForDeploymentPostprocessing = 0;
		};
		9F19FFF6296665FA00E23362 /* Resources */ = {
			isa = PBXResourcesBuildPhase;
			buildActionMask = 2147483647;
			files = (
			);
			runOnlyForDeploymentPostprocessing = 0;
		};
/* End PBXResourcesBuildPhase section */

/* Begin PBXSourcesBuildPhase section */
		9F19FFDE296665F900E23362 /* Sources */ = {
			isa = PBXSourcesBuildPhase;
			buildActionMask = 2147483647;
			files = (
				9F19FFEA296665F900E23362 /* ViewController.swift in Sources */,
				9F19FFE6296665F900E23362 /* AppDelegate.swift in Sources */,
				9F19FFE8296665F900E23362 /* SceneDelegate.swift in Sources */,
			);
			runOnlyForDeploymentPostprocessing = 0;
		};
		9F19FFF4296665FA00E23362 /* Sources */ = {
			isa = PBXSourcesBuildPhase;
			buildActionMask = 2147483647;
			files = (
				9F19FFFD296665FA00E23362 /* AsyncTestTests.swift in Sources */,
			);
			runOnlyForDeploymentPostprocessing = 0;
		};
		9F19FFFE296665FA00E23362 /* Sources */ = {
			isa = PBXSourcesBuildPhase;
			buildActionMask = 2147483647;
			files = (
				9F190007296665FA00E23362 /* AsyncTestUITests.swift in Sources */,
				9F190009296665FA00E23362 /* AsyncTestUITestsLaunchTests.swift in Sources */,
			);
			runOnlyForDeploymentPostprocessing = 0;
		};
/* End PBXSourcesBuildPhase section */

/* Begin PBXTargetDependency section */
		9F190004296665FA00E23362 /* PBXTargetDependency */ = {
			isa = PBXTargetDependency;
			target = 9F19FFE1296665F900E23362 /* AsyncTest */;
			targetProxy = 9F190003296665FA00E23362 /* PBXContainerItemProxy */;
		};
		9F19FFFA296665FA00E23362 /* PBXTargetDependency */ = {
			isa = PBXTargetDependency;
			target = 9F19FFE1296665F900E23362 /* AsyncTest */;
			targetProxy = 9F19FFF9296665FA00E23362 /* PBXContainerItemProxy */;
		};
/* End PBXTargetDependency section */

/* Begin PBXVariantGroup section */
		9F19FFEB296665F900E23362 /* Main.storyboard */ = {
			isa = PBXVariantGroup;
			children = (
				9F19FFEC296665F900E23362 /* Base */,
			);
			name = Main.storyboard;
			sourceTree = "<group>";
		};
		9F19FFF0296665FA00E23362 /* LaunchScreen.storyboard */ = {
			isa = PBXVariantGroup;
			children = (
				9F19FFF1296665FA00E23362 /* Base */,
			);
			name = LaunchScreen.storyboard;
			sourceTree = "<group>";
		};
/* End PBXVariantGroup section */

/* Begin XCBuildConfiguration section */
		9F19000A296665FA00E23362 /* Debug */ = {
			isa = XCBuildConfiguration;
			buildSettings = {
				ALWAYS_SEARCH_USER_PATHS = NO;
				CLANG_ANALYZER_NONNULL = YES;
				CLANG_ANALYZER_NUMBER_OBJECT_CONVERSION = YES_AGGRESSIVE;
				CLANG_CXX_LANGUAGE_STANDARD = "gnu++20";
				CLANG_ENABLE_MODULES = YES;
				CLANG_ENABLE_OBJC_ARC = YES;
				CLANG_ENABLE_OBJC_WEAK = YES;
				CLANG_WARN_BLOCK_CAPTURE_AUTORELEASING = YES;
				CLANG_WARN_BOOL_CONVERSION = YES;
				CLANG_WARN_COMMA = YES;
				CLANG_WARN_CONSTANT_CONVERSION = YES;
				CLANG_WARN_DEPRECATED_OBJC_IMPLEMENTATIONS = YES;
				CLANG_WARN_DIRECT_OBJC_ISA_USAGE = YES_ERROR;
				CLANG_WARN_DOCUMENTATION_COMMENTS = YES;
				CLANG_WARN_EMPTY_BODY = YES;
				CLANG_WARN_ENUM_CONVERSION = YES;
				CLANG_WARN_INFINITE_RECURSION = YES;
				CLANG_WARN_INT_CONVERSION = YES;
				CLANG_WARN_NON_LITERAL_NULL_CONVERSION = YES;
				CLANG_WARN_OBJC_IMPLICIT_RETAIN_SELF = YES;
				CLANG_WARN_OBJC_LITERAL_CONVERSION = YES;
				CLANG_WARN_OBJC_ROOT_CLASS = YES_ERROR;
				CLANG_WARN_QUOTED_INCLUDE_IN_FRAMEWORK_HEADER = YES;
				CLANG_WARN_RANGE_LOOP_ANALYSIS = YES;
				CLANG_WARN_STRICT_PROTOTYPES = YES;
				CLANG_WARN_SUSPICIOUS_MOVE = YES;
				CLANG_WARN_UNGUARDED_AVAILABILITY = YES_AGGRESSIVE;
				CLANG_WARN_UNREACHABLE_CODE = YES;
				CLANG_WARN__DUPLICATE_METHOD_MATCH = YES;
				COPY_PHASE_STRIP = NO;
				DEBUG_INFORMATION_FORMAT = dwarf;
				ENABLE_STRICT_OBJC_MSGSEND = YES;
				ENABLE_TESTABILITY = YES;
				GCC_C_LANGUAGE_STANDARD = gnu11;
				GCC_DYNAMIC_NO_PIC = NO;
				GCC_NO_COMMON_BLOCKS = YES;
				GCC_OPTIMIZATION_LEVEL = 0;
				GCC_PREPROCESSOR_DEFINITIONS = (
					"DEBUG=1",
					"$(inherited)",
				);
				GCC_WARN_64_TO_32_BIT_CONVERSION = YES;
				GCC_WARN_ABOUT_RETURN_TYPE = YES_ERROR;
				GCC_WARN_UNDECLARED_SELECTOR = YES;
				GCC_WARN_UNINITIALIZED_AUTOS = YES_AGGRESSIVE;
				GCC_WARN_UNUSED_FUNCTION = YES;
				GCC_WARN_UNUSED_VARIABLE = YES;
				IPHONEOS_DEPLOYMENT_TARGET = 16.2;
				MTL_ENABLE_DEBUG_INFO = INCLUDE_SOURCE;
				MTL_FAST_MATH = YES;
				ONLY_ACTIVE_ARCH = YES;
				SDKROOT = iphoneos;
				SWIFT_ACTIVE_COMPILATION_CONDITIONS = DEBUG;
				SWIFT_OPTIMIZATION_LEVEL = "-Onone";
			};
			name = Debug;
		};
		9F19000B296665FA00E23362 /* Release */ = {
			isa = XCBuildConfiguration;
			buildSettings = {
				ALWAYS_SEARCH_USER_PATHS = NO;
				CLANG_ANALYZER_NONNULL = YES;
				CLANG_ANALYZER_NUMBER_OBJECT_CONVERSION = YES_AGGRESSIVE;
				CLANG_CXX_LANGUAGE_STANDARD = "gnu++20";
				CLANG_ENABLE_MODULES = YES;
				CLANG_ENABLE_OBJC_ARC = YES;
				CLANG_ENABLE_OBJC_WEAK = YES;
				CLANG_WARN_BLOCK_CAPTURE_AUTORELEASING = YES;
				CLANG_WARN_BOOL_CONVERSION = YES;
				CLANG_WARN_COMMA = YES;
				CLANG_WARN_CONSTANT_CONVERSION = YES;
				CLANG_WARN_DEPRECATED_OBJC_IMPLEMENTATIONS = YES;
				CLANG_WARN_DIRECT_OBJC_ISA_USAGE = YES_ERROR;
				CLANG_WARN_DOCUMENTATION_COMMENTS = YES;
				CLANG_WARN_EMPTY_BODY = YES;
				CLANG_WARN_ENUM_CONVERSION = YES;
				CLANG_WARN_INFINITE_RECURSION = YES;
				CLANG_WARN_INT_CONVERSION = YES;
				CLANG_WARN_NON_LITERAL_NULL_CONVERSION = YES;
				CLANG_WARN_OBJC_IMPLICIT_RETAIN_SELF = YES;
				CLANG_WARN_OBJC_LITERAL_CONVERSION = YES;
				CLANG_WARN_OBJC_ROOT_CLASS = YES_ERROR;
				CLANG_WARN_QUOTED_INCLUDE_IN_FRAMEWORK_HEADER = YES;
				CLANG_WARN_RANGE_LOOP_ANALYSIS = YES;
				CLANG_WARN_STRICT_PROTOTYPES = YES;
				CLANG_WARN_SUSPICIOUS_MOVE = YES;
				CLANG_WARN_UNGUARDED_AVAILABILITY = YES_AGGRESSIVE;
				CLANG_WARN_UNREACHABLE_CODE = YES;
				CLANG_WARN__DUPLICATE_METHOD_MATCH = YES;
				COPY_PHASE_STRIP = NO;
				DEBUG_INFORMATION_FORMAT = "dwarf-with-dsym";
				ENABLE_NS_ASSERTIONS = NO;
				ENABLE_STRICT_OBJC_MSGSEND = YES;
				GCC_C_LANGUAGE_STANDARD = gnu11;
				GCC_NO_COMMON_BLOCKS = YES;
				GCC_WARN_64_TO_32_BIT_CONVERSION = YES;
				GCC_WARN_ABOUT_RETURN_TYPE = YES_ERROR;
				GCC_WARN_UNDECLARED_SELECTOR = YES;
				GCC_WARN_UNINITIALIZED_AUTOS = YES_AGGRESSIVE;
				GCC_WARN_UNUSED_FUNCTION = YES;
				GCC_WARN_UNUSED_VARIABLE = YES;
				IPHONEOS_DEPLOYMENT_TARGET = 16.2;
				MTL_ENABLE_DEBUG_INFO = NO;
				MTL_FAST_MATH = YES;
				SDKROOT = iphoneos;
				SWIFT_COMPILATION_MODE = wholemodule;
				SWIFT_OPTIMIZATION_LEVEL = "-O";
				VALIDATE_PRODUCT = YES;
			};
			name = Release;
		};
		9F19000D296665FA00E23362 /* Debug */ = {
			isa = XCBuildConfiguration;
			buildSettings = {
				ASSETCATALOG_COMPILER_APPICON_NAME = AppIcon;
				ASSETCATALOG_COMPILER_GLOBAL_ACCENT_COLOR_NAME = AccentColor;
				CODE_SIGN_STYLE = Automatic;
				CURRENT_PROJECT_VERSION = 1;
				DEVELOPMENT_TEAM = 2CLVRKGS9N;
				GENERATE_INFOPLIST_FILE = YES;
				INFOPLIST_FILE = AsyncTest/Info.plist;
				INFOPLIST_KEY_UIApplicationSupportsIndirectInputEvents = YES;
				INFOPLIST_KEY_UILaunchStoryboardName = LaunchScreen;
				INFOPLIST_KEY_UIMainStoryboardFile = Main;
				INFOPLIST_KEY_UISupportedInterfaceOrientations_iPad = "UIInterfaceOrientationPortrait UIInterfaceOrientationPortraitUpsideDown UIInterfaceOrientationLandscapeLeft UIInterfaceOrientationLandscapeRight";
				INFOPLIST_KEY_UISupportedInterfaceOrientations_iPhone = "UIInterfaceOrientationPortrait UIInterfaceOrientationLandscapeLeft UIInterfaceOrientationLandscapeRight";
				LD_RUNPATH_SEARCH_PATHS = (
					"$(inherited)",
					"@executable_path/Frameworks",
				);
				MARKETING_VERSION = 1.0;
				PRODUCT_BUNDLE_IDENTIFIER = kr.park.AsyncTest;
				PRODUCT_NAME = "$(TARGET_NAME)";
				SWIFT_EMIT_LOC_STRINGS = YES;
				SWIFT_VERSION = 5.0;
				TARGETED_DEVICE_FAMILY = "1,2";
			};
			name = Debug;
		};
		9F19000E296665FA00E23362 /* Release */ = {
			isa = XCBuildConfiguration;
			buildSettings = {
				ASSETCATALOG_COMPILER_APPICON_NAME = AppIcon;
				ASSETCATALOG_COMPILER_GLOBAL_ACCENT_COLOR_NAME = AccentColor;
				CODE_SIGN_STYLE = Automatic;
				CURRENT_PROJECT_VERSION = 1;
				DEVELOPMENT_TEAM = 2CLVRKGS9N;
				GENERATE_INFOPLIST_FILE = YES;
				INFOPLIST_FILE = AsyncTest/Info.plist;
				INFOPLIST_KEY_UIApplicationSupportsIndirectInputEvents = YES;
				INFOPLIST_KEY_UILaunchStoryboardName = LaunchScreen;
				INFOPLIST_KEY_UIMainStoryboardFile = Main;
				INFOPLIST_KEY_UISupportedInterfaceOrientations_iPad = "UIInterfaceOrientationPortrait UIInterfaceOrientationPortraitUpsideDown UIInterfaceOrientationLandscapeLeft UIInterfaceOrientationLandscapeRight";
				INFOPLIST_KEY_UISupportedInterfaceOrientations_iPhone = "UIInterfaceOrientationPortrait UIInterfaceOrientationLandscapeLeft UIInterfaceOrientationLandscapeRight";
				LD_RUNPATH_SEARCH_PATHS = (
					"$(inherited)",
					"@executable_path/Frameworks",
				);
				MARKETING_VERSION = 1.0;
				PRODUCT_BUNDLE_IDENTIFIER = kr.park.AsyncTest;
				PRODUCT_NAME = "$(TARGET_NAME)";
				SWIFT_EMIT_LOC_STRINGS = YES;
				SWIFT_VERSION = 5.0;
				TARGETED_DEVICE_FAMILY = "1,2";
			};
			name = Release;
		};
		9F190010296665FA00E23362 /* Debug */ = {
			isa = XCBuildConfiguration;
			buildSettings = {
				ALWAYS_EMBED_SWIFT_STANDARD_LIBRARIES = YES;
				BUNDLE_LOADER = "$(TEST_HOST)";
				CODE_SIGN_STYLE = Automatic;
				CURRENT_PROJECT_VERSION = 1;
				DEVELOPMENT_TEAM = 2CLVRKGS9N;
				GENERATE_INFOPLIST_FILE = YES;
				IPHONEOS_DEPLOYMENT_TARGET = 16.2;
				MARKETING_VERSION = 1.0;
				PRODUCT_BUNDLE_IDENTIFIER = kr.park.AsyncTestTests;
				PRODUCT_NAME = "$(TARGET_NAME)";
				SWIFT_EMIT_LOC_STRINGS = NO;
				SWIFT_VERSION = 5.0;
				TARGETED_DEVICE_FAMILY = "1,2";
				TEST_HOST = "$(BUILT_PRODUCTS_DIR)/AsyncTest.app/$(BUNDLE_EXECUTABLE_FOLDER_PATH)/AsyncTest";
			};
			name = Debug;
		};
		9F190011296665FA00E23362 /* Release */ = {
			isa = XCBuildConfiguration;
			buildSettings = {
				ALWAYS_EMBED_SWIFT_STANDARD_LIBRARIES = YES;
				BUNDLE_LOADER = "$(TEST_HOST)";
				CODE_SIGN_STYLE = Automatic;
				CURRENT_PROJECT_VERSION = 1;
				DEVELOPMENT_TEAM = 2CLVRKGS9N;
				GENERATE_INFOPLIST_FILE = YES;
				IPHONEOS_DEPLOYMENT_TARGET = 16.2;
				MARKETING_VERSION = 1.0;
				PRODUCT_BUNDLE_IDENTIFIER = kr.park.AsyncTestTests;
				PRODUCT_NAME = "$(TARGET_NAME)";
				SWIFT_EMIT_LOC_STRINGS = NO;
				SWIFT_VERSION = 5.0;
				TARGETED_DEVICE_FAMILY = "1,2";
				TEST_HOST = "$(BUILT_PRODUCTS_DIR)/AsyncTest.app/$(BUNDLE_EXECUTABLE_FOLDER_PATH)/AsyncTest";
			};
			name = Release;
		};
		9F190013296665FA00E23362 /* Debug */ = {
			isa = XCBuildConfiguration;
			buildSettings = {
				ALWAYS_EMBED_SWIFT_STANDARD_LIBRARIES = YES;
				CODE_SIGN_STYLE = Automatic;
				CURRENT_PROJECT_VERSION = 1;
				DEVELOPMENT_TEAM = 2CLVRKGS9N;
				GENERATE_INFOPLIST_FILE = YES;
				MARKETING_VERSION = 1.0;
				PRODUCT_BUNDLE_IDENTIFIER = kr.park.AsyncTestUITests;
				PRODUCT_NAME = "$(TARGET_NAME)";
				SWIFT_EMIT_LOC_STRINGS = NO;
				SWIFT_VERSION = 5.0;
				TARGETED_DEVICE_FAMILY = "1,2";
				TEST_TARGET_NAME = AsyncTest;
			};
			name = Debug;
		};
		9F190014296665FA00E23362 /* Release */ = {
			isa = XCBuildConfiguration;
			buildSettings = {
				ALWAYS_EMBED_SWIFT_STANDARD_LIBRARIES = YES;
				CODE_SIGN_STYLE = Automatic;
				CURRENT_PROJECT_VERSION = 1;
				DEVELOPMENT_TEAM = 2CLVRKGS9N;
				GENERATE_INFOPLIST_FILE = YES;
				MARKETING_VERSION = 1.0;
				PRODUCT_BUNDLE_IDENTIFIER = kr.park.AsyncTestUITests;
				PRODUCT_NAME = "$(TARGET_NAME)";
				SWIFT_EMIT_LOC_STRINGS = NO;
				SWIFT_VERSION = 5.0;
				TARGETED_DEVICE_FAMILY = "1,2";
				TEST_TARGET_NAME = AsyncTest;
			};
			name = Release;
		};
/* End XCBuildConfiguration section */

/* Begin XCConfigurationList section */
		9F19000C296665FA00E23362 /* Build configuration list for PBXNativeTarget "AsyncTest" */ = {
			isa = XCConfigurationList;
			buildConfigurations = (
				9F19000D296665FA00E23362 /* Debug */,
				9F19000E296665FA00E23362 /* Release */,
			);
			defaultConfigurationIsVisible = 0;
			defaultConfigurationName = Release;
		};
		9F19000F296665FA00E23362 /* Build configuration list for PBXNativeTarget "AsyncTestTests" */ = {
			isa = XCConfigurationList;
			buildConfigurations = (
				9F190010296665FA00E23362 /* Debug */,
				9F190011296665FA00E23362 /* Release */,
			);
			defaultConfigurationIsVisible = 0;
			defaultConfigurationName = Release;
		};
		9F190012296665FA00E23362 /* Build configuration list for PBXNativeTarget "AsyncTestUITests" */ = {
			isa = XCConfigurationList;
			buildConfigurations = (
				9F190013296665FA00E23362 /* Debug */,
				9F190014296665FA00E23362 /* Release */,
			);
			defaultConfigurationIsVisible = 0;
			defaultConfigurationName = Release;
		};
		9F19FFDD296665F900E23362 /* Build configuration list for PBXProject "AsyncTest" */ = {
			isa = XCConfigurationList;
			buildConfigurations = (
				9F19000A296665FA00E23362 /* Debug */,
				9F19000B296665FA00E23362 /* Release */,
			);
			defaultConfigurationIsVisible = 0;
			defaultConfigurationName = Release;
		};
/* End XCConfigurationList section */
	};
	rootObject = 9F19FFDA296665F900E23362 /* Project object */;
}
